
Microsoft Visual Studio Solution File, Format Version 12.00
# Visual Studio Version 17
VisualStudioVersion = 17.14.36705.20
MinimumVisualStudioVersion = 10.0.40219.1
Project("{FAE04EC0-301F-11D3-BF4B-00C04F79EFBC}") = "PayCalculator", "PayCalculator\PayCalculator.csproj", "{A6BC5189-967B-4B77-86BC-8CC2671BF63B}"
EndProject
Project("{54A90642-561A-4BB1-A94E-469ADEE60C69}") = "PayCalculator_UI", "PayCalculator_UI\PayCalculator_UI.esproj", "{A338AE83-69B8-1C1F-192D-B410F0D228F9}"
EndProject
Global
	GlobalSection(SolutionConfigurationPlatforms) = preSolution
		Debug|Any CPU = Debug|Any CPU
		Release|Any CPU = Release|Any CPU
	EndGlobalSection
	GlobalSection(ProjectConfigurationPlatforms) = postSolution
		{A6BC5189-967B-4B77-86BC-8CC2671BF63B}.Debug|Any CPU.ActiveCfg = Debug|Any CPU
		{A6BC5189-967B-4B77-86BC-8CC2671BF63B}.Debug|Any CPU.Build.0 = Debug|Any CPU
		{A6BC5189-967B-4B77-86BC-8CC2671BF63B}.Release|Any CPU.ActiveCfg = Release|Any CPU
		{A6BC5189-967B-4B77-86BC-8CC2671BF63B}.Release|Any CPU.Build.0 = Release|Any CPU
		{A338AE83-69B8-1C1F-192D-B410F0D228F9}.Debug|Any CPU.ActiveCfg = Debug|Any CPU
		{A338AE83-69B8-1C1F-192D-B410F0D228F9}.Debug|Any CPU.Build.0 = Debug|Any CPU
		{A338AE83-69B8-1C1F-192D-B410F0D228F9}.Debug|Any CPU.Deploy.0 = Debug|Any CPU
		{A338AE83-69B8-1C1F-192D-B410F0D228F9}.Release|Any CPU.ActiveCfg = Release|Any CPU
		{A338AE83-69B8-1C1F-192D-B410F0D228F9}.Release|Any CPU.Build.0 = Release|Any CPU
		{A338AE83-69B8-1C1F-192D-B410F0D228F9}.Release|Any CPU.Deploy.0 = Release|Any CPU
	EndGlobalSection
	GlobalSection(SolutionProperties) = preSolution
		HideSolutionNode = FALSE
	EndGlobalSection
	GlobalSection(ExtensibilityGlobals) = postSolution
		SolutionGuid = {FD22F984-35B3-400E-80BF-67B0C340440E}
	EndGlobalSection
EndGlobal
